
Microsoft Visual Studio Solution File, Format Version 12.00
# Visual Studio 15
VisualStudioVersion = 15.0.27130.2024
MinimumVisualStudioVersion = 10.0.40219.1
Project("{FAE04EC0-301F-11D3-BF4B-00C04F79EFBC}") = "NUnit", "NUnit\NUnit.csproj", "{C18CB11E-AB71-40ED-81D1-398FA5AAF028}"
EndProject
Project("{FAE04EC0-301F-11D3-BF4B-00C04F79EFBC}") = "AOUT.logan.Tests3", "AOUT.logan.Tests3\AOUT.logan.Tests3.csproj", "{B7A67478-6C40-45C5-BFC3-64BC4A669547}"
EndProject
Global
	GlobalSection(SolutionConfigurationPlatforms) = preSolution
		Debug|Any CPU = Debug|Any CPU
		Release|Any CPU = Release|Any CPU
	EndGlobalSection
	GlobalSection(ProjectConfigurationPlatforms) = postSolution
		{C18CB11E-AB71-40ED-81D1-398FA5AAF028}.Debug|Any CPU.ActiveCfg = Debug|Any CPU
		{C18CB11E-AB71-40ED-81D1-398FA5AAF028}.Debug|Any CPU.Build.0 = Debug|Any CPU
		{C18CB11E-AB71-40ED-81D1-398FA5AAF028}.Release|Any CPU.ActiveCfg = Release|Any CPU
		{C18CB11E-AB71-40ED-81D1-398FA5AAF028}.Release|Any CPU.Build.0 = Release|Any CPU
		{B7A67478-6C40-45C5-BFC3-64BC4A669547}.Debug|Any CPU.ActiveCfg = Debug|Any CPU
		{B7A67478-6C40-45C5-BFC3-64BC4A669547}.Debug|Any CPU.Build.0 = Debug|Any CPU
		{B7A67478-6C40-45C5-BFC3-64BC4A669547}.Release|Any CPU.ActiveCfg = Release|Any CPU
		{B7A67478-6C40-45C5-BFC3-64BC4A669547}.Release|Any CPU.Build.0 = Release|Any CPU
	EndGlobalSection
	GlobalSection(SolutionProperties) = preSolution
		HideSolutionNode = FALSE
	EndGlobalSection
	GlobalSection(ExtensibilityGlobals) = postSolution
		SolutionGuid = {32EF0E62-1E30-442C-BBD8-A52C07A5DFEC}
	EndGlobalSection
EndGlobal
